
Microsoft Visual Studio Solution File, Format Version 12.00
# Visual Studio Version 17
VisualStudioVersion = 17.8.34330.188
MinimumVisualStudioVersion = 10.0.40219.1
Project("{FAE04EC0-301F-11D3-BF4B-00C04F79EFBC}") = "git-actions-poc", "git-actions-poc\git-actions-poc.csproj", "{87AA305A-12FB-4630-8ECB-3D39BB63A2AF}"
EndProject
Global
	GlobalSection(SolutionConfigurationPlatforms) = preSolution
		Debug|Any CPU = Debug|Any CPU
		Release|Any CPU = Release|Any CPU
	EndGlobalSection
	GlobalSection(ProjectConfigurationPlatforms) = postSolution
		{87AA305A-12FB-4630-8ECB-3D39BB63A2AF}.Debug|Any CPU.ActiveCfg = Debug|Any CPU
		{87AA305A-12FB-4630-8ECB-3D39BB63A2AF}.Debug|Any CPU.Build.0 = Debug|Any CPU
		{87AA305A-12FB-4630-8ECB-3D39BB63A2AF}.Release|Any CPU.ActiveCfg = Release|Any CPU
		{87AA305A-12FB-4630-8ECB-3D39BB63A2AF}.Release|Any CPU.Build.0 = Release|Any CPU
	EndGlobalSection
	GlobalSection(SolutionProperties) = preSolution
		HideSolutionNode = FALSE
	EndGlobalSection
	GlobalSection(ExtensibilityGlobals) = postSolution
		SolutionGuid = {AF009ED2-BDAC-4049-91B8-597A161A896C}
	EndGlobalSection
EndGlobal
